STORAGE: NONE
STRATEGY: MIN
RESTRICTION: || (== net5.0) (== net6.0) (== net8.0)
NUGET
  remote: https://api.nuget.org/v3/index.json
    FSharp.Core (6.0)
    HtmlAgilityPack (1.12.4)
    Microsoft.AspNetCore.Authentication.Abstractions (2.0) - restriction: || (&& (== net5.0) (== netstandard2.0)) (&& (== net6.0) (== netstandard2.0)) (&& (== net8.0) (== netstandard2.0))
    Microsoft.AspNetCore.Hosting.Abstractions (2.0) - restriction: || (&& (== net5.0) (== netstandard2.0)) (&& (== net6.0) (== netstandard2.0)) (&& (== net8.0) (== netstandard2.0))
    Microsoft.AspNetCore.Html.Abstractions (2.0) - restriction: || (&& (== net5.0) (== netstandard2.0)) (&& (== net6.0) (== netstandard2.0)) (&& (== net8.0) (== netstandard2.0))
    System.Reflection.Emit.Lightweight (4.7)
    System.Text.Json (5.0)
  remote: ../localnuget
    WebSharper (10.1.0.663)
      FSharp.Core (>= 6.0)
      System.Reflection.Emit.Lightweight (>= 4.7)
    WebSharper.AspNetCore (10.1.0.663)
      System.Text.Json (>= 5.0)
      WebSharper (10.1.0.663)
    WebSharper.CSharp (10.1.0.663)
      WebSharper (10.1.0.663)
    WebSharper.FSharp (10.1.0.663)
      WebSharper (10.1.0.663)
    WebSharper.UI (10.1.0.663)
      HtmlAgilityPack (>= 1.12.4)
      WebSharper (>= 10.1.0.663 < 10.1.1)
    WebSharper.UI.CSharp (10.1.0.663)
      WebSharper (>= 10.1.0.663 < 10.1.1)
      WebSharper.UI (10.1.0.663)

GROUP wsbuild

GIT
  remote: https://github.com/dotnet-websharper/build-script
     (ae4e3345219bb1ef82143ad331e582f9c81791ac)