Microsoft Visual Studio Solution File, Format Version 12.00
# Visual Studio Version 17
VisualStudioVersion = 17.0.32014.148
MinimumVisualStudioVersion = 15.0.26124.0
Project("{2150E333-8FDC-42A3-9474-1A3956D46DE8}") = "_", "_", "{81013AB3-E234-4DB4-9428-C50C1B2D05C2}"
	ProjectSection(SolutionItems) = preProject
		build.cmd = build.cmd
		build.fsx = build.fsx
		build.sh = build.sh
		ivy.xml = ivy.xml
		LICENSE.md = LICENSE.md
		paket.dependencies = paket.dependencies
		paket.lock = paket.lock
	EndProjectSection
EndProject
Project("{6EC3EE1D-3C4E-46DD-8F32-0CC8E7565705}") = "WebSharper.AspNetCore.Tests.ANC21", "WebSharper.AspNetCore.Tests.ANC21\WebSharper.AspNetCore.Tests.ANC21.fsproj", "{24C73798-B8A5-4966-ABBE-11822CC9474B}"
EndProject
Project("{6EC3EE1D-3C4E-46DD-8F32-0CC8E7565705}") = "WebSharper.AspNetCore.WebSocket", "WebSharper.AspNetCore.WebSocket\WebSharper.AspNetCore.WebSocket.fsproj", "{A38A1672-E397-430A-A60E-088F04A2FF54}"
EndProject
Project("{6EC3EE1D-3C4E-46DD-8F32-0CC8E7565705}") = "WebSharper.AspNetCore.Tests.ANC31", "WebSharper.AspNetCore.Tests.ANC31\WebSharper.AspNetCore.Tests.ANC31.fsproj", "{96EF0EA2-39E7-460D-8063-0ABF871491FA}"
EndProject
Project("{9A19103F-16F7-4668-BE54-9A1E7A4F7556}") = "WebSharper.AspNetCore.Tests.ANC31.CSharp", "WebSharper.AspNetCore.Tests.ANC31.CSharp\WebSharper.AspNetCore.Tests.ANC31.CSharp.csproj", "{2F5C38E4-F883-475D-99FA-75E3BE6B2DC9}"
EndProject
Project("{6EC3EE1D-3C4E-46DD-8F32-0CC8E7565705}") = "WebSharper.AspNetCore.Tests.ANC50", "WebSharper.AspNetCore.Tests.ANC50\WebSharper.AspNetCore.Tests.ANC50.fsproj", "{2E600DE2-C05A-41F1-B263-F2A843BBF713}"
EndProject
Project("{9A19103F-16F7-4668-BE54-9A1E7A4F7556}") = "WebSharper.AspNetCore.Tests.ANC50.CSharp", "WebSharper.AspNetCore.Tests.ANC50.CSharp\WebSharper.AspNetCore.Tests.ANC50.CSharp.csproj", "{B4129C25-45C3-4BAB-B5DD-968CA569739B}"
EndProject
Project("{6EC3EE1D-3C4E-46DD-8F32-0CC8E7565705}") = "WebSharper.AspNetCore.Tests.ANC60", "WebSharper.AspNetCore.Tests.ANC60\WebSharper.AspNetCore.Tests.ANC60.fsproj", "{D2A3883D-0668-4D20-8CA9-187A85FBF78B}"
EndProject
Project("{9A19103F-16F7-4668-BE54-9A1E7A4F7556}") = "WebSharper.AspNetCore.Tests.ANC60.CSharp", "WebSharper.AspNetCore.Tests.ANC60.CSharp\WebSharper.AspNetCore.Tests.ANC60.CSharp.csproj", "{4FD4F86A-D8C4-48C5-841E-0F73CB06733D}"
EndProject
Global
	GlobalSection(SolutionConfigurationPlatforms) = preSolution
		Debug|Any CPU = Debug|Any CPU
		Debug|x64 = Debug|x64
		Debug|x86 = Debug|x86
		Release|Any CPU = Release|Any CPU
		Release|x64 = Release|x64
		Release|x86 = Release|x86
	EndGlobalSection
	GlobalSection(ProjectConfigurationPlatforms) = postSolution
		{24C73798-B8A5-4966-ABBE-11822CC9474B}.Debug|Any CPU.ActiveCfg = Debug|Any CPU
		{24C73798-B8A5-4966-ABBE-11822CC9474B}.Debug|Any CPU.Build.0 = Debug|Any CPU
		{24C73798-B8A5-4966-ABBE-11822CC9474B}.Debug|x64.ActiveCfg = Debug|Any CPU
		{24C73798-B8A5-4966-ABBE-11822CC9474B}.Debug|x64.Build.0 = Debug|Any CPU
		{24C73798-B8A5-4966-ABBE-11822CC9474B}.Debug|x86.ActiveCfg = Debug|Any CPU
		{24C73798-B8A5-4966-ABBE-11822CC9474B}.Debug|x86.Build.0 = Debug|Any CPU
		{24C73798-B8A5-4966-ABBE-11822CC9474B}.Release|Any CPU.ActiveCfg = Release|Any CPU
		{24C73798-B8A5-4966-ABBE-11822CC9474B}.Release|Any CPU.Build.0 = Release|Any CPU
		{24C73798-B8A5-4966-ABBE-11822CC9474B}.Release|x64.ActiveCfg = Release|Any CPU
		{24C73798-B8A5-4966-ABBE-11822CC9474B}.Release|x64.Build.0 = Release|Any CPU
		{24C73798-B8A5-4966-ABBE-11822CC9474B}.Release|x86.ActiveCfg = Release|Any CPU
		{24C73798-B8A5-4966-ABBE-11822CC9474B}.Release|x86.Build.0 = Release|Any CPU
		{A38A1672-E397-430A-A60E-088F04A2FF54}.Debug|Any CPU.ActiveCfg = Debug|Any CPU
		{A38A1672-E397-430A-A60E-088F04A2FF54}.Debug|Any CPU.Build.0 = Debug|Any CPU
		{A38A1672-E397-430A-A60E-088F04A2FF54}.Debug|x64.ActiveCfg = Debug|Any CPU
		{A38A1672-E397-430A-A60E-088F04A2FF54}.Debug|x64.Build.0 = Debug|Any CPU
		{A38A1672-E397-430A-A60E-088F04A2FF54}.Debug|x86.ActiveCfg = Debug|Any CPU
		{A38A1672-E397-430A-A60E-088F04A2FF54}.Debug|x86.Build.0 = Debug|Any CPU
		{A38A1672-E397-430A-A60E-088F04A2FF54}.Release|Any CPU.ActiveCfg = Release|Any CPU
		{A38A1672-E397-430A-A60E-088F04A2FF54}.Release|Any CPU.Build.0 = Release|Any CPU
		{A38A1672-E397-430A-A60E-088F04A2FF54}.Release|x64.ActiveCfg = Release|Any CPU
		{A38A1672-E397-430A-A60E-088F04A2FF54}.Release|x64.Build.0 = Release|Any CPU
		{A38A1672-E397-430A-A60E-088F04A2FF54}.Release|x86.ActiveCfg = Release|Any CPU
		{A38A1672-E397-430A-A60E-088F04A2FF54}.Release|x86.Build.0 = Release|Any CPU
		{96EF0EA2-39E7-460D-8063-0ABF871491FA}.Debug|Any CPU.ActiveCfg = Debug|Any CPU
		{96EF0EA2-39E7-460D-8063-0ABF871491FA}.Debug|Any CPU.Build.0 = Debug|Any CPU
		{96EF0EA2-39E7-460D-8063-0ABF871491FA}.Debug|x64.ActiveCfg = Debug|Any CPU
		{96EF0EA2-39E7-460D-8063-0ABF871491FA}.Debug|x64.Build.0 = Debug|Any CPU
		{96EF0EA2-39E7-460D-8063-0ABF871491FA}.Debug|x86.ActiveCfg = Debug|Any CPU
		{96EF0EA2-39E7-460D-8063-0ABF871491FA}.Debug|x86.Build.0 = Debug|Any CPU
		{96EF0EA2-39E7-460D-8063-0ABF871491FA}.Release|Any CPU.ActiveCfg = Release|Any CPU
		{96EF0EA2-39E7-460D-8063-0ABF871491FA}.Release|Any CPU.Build.0 = Release|Any CPU
		{96EF0EA2-39E7-460D-8063-0ABF871491FA}.Release|x64.ActiveCfg = Release|Any CPU
		{96EF0EA2-39E7-460D-8063-0ABF871491FA}.Release|x64.Build.0 = Release|Any CPU
		{96EF0EA2-39E7-460D-8063-0ABF871491FA}.Release|x86.ActiveCfg = Release|Any CPU
		{96EF0EA2-39E7-460D-8063-0ABF871491FA}.Release|x86.Build.0 = Release|Any CPU
		{2F5C38E4-F883-475D-99FA-75E3BE6B2DC9}.Debug|Any CPU.ActiveCfg = Debug|Any CPU
		{2F5C38E4-F883-475D-99FA-75E3BE6B2DC9}.Debug|Any CPU.Build.0 = Debug|Any CPU
		{2F5C38E4-F883-475D-99FA-75E3BE6B2DC9}.Debug|x64.ActiveCfg = Debug|Any CPU
		{2F5C38E4-F883-475D-99FA-75E3BE6B2DC9}.Debug|x64.Build.0 = Debug|Any CPU
		{2F5C38E4-F883-475D-99FA-75E3BE6B2DC9}.Debug|x86.ActiveCfg = Debug|Any CPU
		{2F5C38E4-F883-475D-99FA-75E3BE6B2DC9}.Debug|x86.Build.0 = Debug|Any CPU
		{2F5C38E4-F883-475D-99FA-75E3BE6B2DC9}.Release|Any CPU.ActiveCfg = Release|Any CPU
		{2F5C38E4-F883-475D-99FA-75E3BE6B2DC9}.Release|Any CPU.Build.0 = Release|Any CPU
		{2F5C38E4-F883-475D-99FA-75E3BE6B2DC9}.Release|x64.ActiveCfg = Release|Any CPU
		{2F5C38E4-F883-475D-99FA-75E3BE6B2DC9}.Release|x64.Build.0 = Release|Any CPU
		{2F5C38E4-F883-475D-99FA-75E3BE6B2DC9}.Release|x86.ActiveCfg = Release|Any CPU
		{2F5C38E4-F883-475D-99FA-75E3BE6B2DC9}.Release|x86.Build.0 = Release|Any CPU
		{2E600DE2-C05A-41F1-B263-F2A843BBF713}.Debug|Any CPU.ActiveCfg = Debug|Any CPU
		{2E600DE2-C05A-41F1-B263-F2A843BBF713}.Debug|Any CPU.Build.0 = Debug|Any CPU
		{2E600DE2-C05A-41F1-B263-F2A843BBF713}.Debug|x64.ActiveCfg = Debug|Any CPU
		{2E600DE2-C05A-41F1-B263-F2A843BBF713}.Debug|x64.Build.0 = Debug|Any CPU
		{2E600DE2-C05A-41F1-B263-F2A843BBF713}.Debug|x86.ActiveCfg = Debug|Any CPU
		{2E600DE2-C05A-41F1-B263-F2A843BBF713}.Debug|x86.Build.0 = Debug|Any CPU
		{2E600DE2-C05A-41F1-B263-F2A843BBF713}.Release|Any CPU.ActiveCfg = Release|Any CPU
		{2E600DE2-C05A-41F1-B263-F2A843BBF713}.Release|Any CPU.Build.0 = Release|Any CPU
		{2E600DE2-C05A-41F1-B263-F2A843BBF713}.Release|x64.ActiveCfg = Release|Any CPU
		{2E600DE2-C05A-41F1-B263-F2A843BBF713}.Release|x64.Build.0 = Release|Any CPU
		{2E600DE2-C05A-41F1-B263-F2A843BBF713}.Release|x86.ActiveCfg = Release|Any CPU
		{2E600DE2-C05A-41F1-B263-F2A843BBF713}.Release|x86.Build.0 = Release|Any CPU
		{B4129C25-45C3-4BAB-B5DD-968CA569739B}.Debug|Any CPU.ActiveCfg = Debug|Any CPU
		{B4129C25-45C3-4BAB-B5DD-968CA569739B}.Debug|Any CPU.Build.0 = Debug|Any CPU
		{B4129C25-45C3-4BAB-B5DD-968CA569739B}.Debug|x64.ActiveCfg = Debug|Any CPU
		{B4129C25-45C3-4BAB-B5DD-968CA569739B}.Debug|x64.Build.0 = Debug|Any CPU
		{B4129C25-45C3-4BAB-B5DD-968CA569739B}.Debug|x86.ActiveCfg = Debug|Any CPU
		{B4129C25-45C3-4BAB-B5DD-968CA569739B}.Debug|x86.Build.0 = Debug|Any CPU
		{B4129C25-45C3-4BAB-B5DD-968CA569739B}.Release|Any CPU.ActiveCfg = Release|Any CPU
		{B4129C25-45C3-4BAB-B5DD-968CA569739B}.Release|Any CPU.Build.0 = Release|Any CPU
		{B4129C25-45C3-4BAB-B5DD-968CA569739B}.Release|x64.ActiveCfg = Release|Any CPU
		{B4129C25-45C3-4BAB-B5DD-968CA569739B}.Release|x64.Build.0 = Release|Any CPU
		{B4129C25-45C3-4BAB-B5DD-968CA569739B}.Release|x86.ActiveCfg = Release|Any CPU
		{B4129C25-45C3-4BAB-B5DD-968CA569739B}.Release|x86.Build.0 = Release|Any CPU
		{D2A3883D-0668-4D20-8CA9-187A85FBF78B}.Debug|Any CPU.ActiveCfg = Debug|Any CPU
		{D2A3883D-0668-4D20-8CA9-187A85FBF78B}.Debug|Any CPU.Build.0 = Debug|Any CPU
		{D2A3883D-0668-4D20-8CA9-187A85FBF78B}.Debug|x64.ActiveCfg = Debug|Any CPU
		{D2A3883D-0668-4D20-8CA9-187A85FBF78B}.Debug|x64.Build.0 = Debug|Any CPU
		{D2A3883D-0668-4D20-8CA9-187A85FBF78B}.Debug|x86.ActiveCfg = Debug|Any CPU
		{D2A3883D-0668-4D20-8CA9-187A85FBF78B}.Debug|x86.Build.0 = Debug|Any CPU
		{D2A3883D-0668-4D20-8CA9-187A85FBF78B}.Release|Any CPU.ActiveCfg = Release|Any CPU
		{D2A3883D-0668-4D20-8CA9-187A85FBF78B}.Release|Any CPU.Build.0 = Release|Any CPU
		{D2A3883D-0668-4D20-8CA9-187A85FBF78B}.Release|x64.ActiveCfg = Release|Any CPU
		{D2A3883D-0668-4D20-8CA9-187A85FBF78B}.Release|x64.Build.0 = Release|Any CPU
		{D2A3883D-0668-4D20-8CA9-187A85FBF78B}.Release|x86.ActiveCfg = Release|Any CPU
		{D2A3883D-0668-4D20-8CA9-187A85FBF78B}.Release|x86.Build.0 = Release|Any CPU
		{4FD4F86A-D8C4-48C5-841E-0F73CB06733D}.Debug|Any CPU.ActiveCfg = Debug|Any CPU
		{4FD4F86A-D8C4-48C5-841E-0F73CB06733D}.Debug|Any CPU.Build.0 = Debug|Any CPU
		{4FD4F86A-D8C4-48C5-841E-0F73CB06733D}.Debug|x64.ActiveCfg = Debug|Any CPU
		{4FD4F86A-D8C4-48C5-841E-0F73CB06733D}.Debug|x64.Build.0 = Debug|Any CPU
		{4FD4F86A-D8C4-48C5-841E-0F73CB06733D}.Debug|x86.ActiveCfg = Debug|Any CPU
		{4FD4F86A-D8C4-48C5-841E-0F73CB06733D}.Debug|x86.Build.0 = Debug|Any CPU
		{4FD4F86A-D8C4-48C5-841E-0F73CB06733D}.Release|Any CPU.ActiveCfg = Release|Any CPU
		{4FD4F86A-D8C4-48C5-841E-0F73CB06733D}.Release|Any CPU.Build.0 = Release|Any CPU
		{4FD4F86A-D8C4-48C5-841E-0F73CB06733D}.Release|x64.ActiveCfg = Release|Any CPU
		{4FD4F86A-D8C4-48C5-841E-0F73CB06733D}.Release|x64.Build.0 = Release|Any CPU
		{4FD4F86A-D8C4-48C5-841E-0F73CB06733D}.Release|x86.ActiveCfg = Release|Any CPU
		{4FD4F86A-D8C4-48C5-841E-0F73CB06733D}.Release|x86.Build.0 = Release|Any CPU
	EndGlobalSection
	GlobalSection(SolutionProperties) = preSolution
		HideSolutionNode = FALSE
	EndGlobalSection
	GlobalSection(ExtensibilityGlobals) = postSolution
		SolutionGuid = {3E757AA4-8039-43D8-85EF-2CAB8A48CCA9}
	EndGlobalSection
EndGlobal
